
Microsoft Visual Studio Solution File, Format Version 12.00
# Visual Studio Version 16
VisualStudioVersion = 16.0.30907.101
MinimumVisualStudioVersion = 10.0.40219.1
Project("{FAE04EC0-301F-11D3-BF4B-00C04F79EFBC}") = "groupPassport", "groupPassport\groupPassport.csproj", "{9EE71A7C-7E8B-4D57-B127-30DD115FC038}"
EndProject
Global
	GlobalSection(SolutionConfigurationPlatforms) = preSolution
		Debug|Any CPU = Debug|Any CPU
		Release|Any CPU = Release|Any CPU
	EndGlobalSection
	GlobalSection(ProjectConfigurationPlatforms) = postSolution
		{9EE71A7C-7E8B-4D57-B127-30DD115FC038}.Debug|Any CPU.ActiveCfg = Debug|Any CPU
		{9EE71A7C-7E8B-4D57-B127-30DD115FC038}.Debug|Any CPU.Build.0 = Debug|Any CPU
		{9EE71A7C-7E8B-4D57-B127-30DD115FC038}.Release|Any CPU.ActiveCfg = Release|Any CPU
		{9EE71A7C-7E8B-4D57-B127-30DD115FC038}.Release|Any CPU.Build.0 = Release|Any CPU
	EndGlobalSection
	GlobalSection(SolutionProperties) = preSolution
		HideSolutionNode = FALSE
	EndGlobalSection
	GlobalSection(ExtensibilityGlobals) = postSolution
		SolutionGuid = {0CEA28F9-39D0-4686-A78D-CF9B27420801}
	EndGlobalSection
EndGlobal
